# This file is automatically @generated by Wally.
# It is not intended for manual editing.
registry = "test"

[[package]]
name = "lucasmzreal/fastsignal"
version = "10.3.2"
dependencies = []

[[package]]
name = "paficent/dex-renewed"
version = "0.0.1"
dependencies = [["Signal", "lucasmzreal/fastsignal@10.3.2"], ["TableUtils", "paficent/tableutils@1.0.3"]]

[[package]]
name = "paficent/tableutils"
version = "1.0.3"
dependencies = []
